
Microsoft Visual Studio Solution File, Format Version 12.00
# Visual Studio 2013
VisualStudioVersion = 12.0.21005.1
MinimumVisualStudioVersion = 10.0.40219.1
Project("{FAE04EC0-301F-11D3-BF4B-00C04F79EFBC}") = "SpaceGame", "SpaceGame\SpaceGame\SpaceGame.csproj", "{B0893750-05CB-42F6-ADA8-BA609876D4DF}"
EndProject
Project("{FAE04EC0-301F-11D3-BF4B-00C04F79EFBC}") = "SpaceGameContent", "SpaceGame\SpaceGameContent\SpaceGameContent.contentproj", "{51604EF8-E554-49ED-BCA3-36FC8497A344}"
EndProject
Project("{FAE04EC0-301F-11D3-BF4B-00C04F79EFBC}") = "RpgLibrary", "RpgLibrary\RpgLibrary.csproj", "{8CAEB3AF-9AF5-49BA-BBC2-80ECEF3FA4F2}"
EndProject
Project("{FAE04EC0-301F-11D3-BF4B-00C04F79EFBC}") = "XRpgLibrary", "XRpgLibrary\XRpgLibrary.csproj", "{01BD1EBC-A484-435D-8E49-C65A45066EBA}"
EndProject
Project("{FAE04EC0-301F-11D3-BF4B-00C04F79EFBC}") = "Test", "Test\Test.csproj", "{11866F74-EE78-475D-9DCB-3D71A6B78F94}"
EndProject
Project("{FAE04EC0-301F-11D3-BF4B-00C04F79EFBC}") = "Database", "Database\Database.csproj", "{A5FA4D23-7F26-409E-8C2F-929F88D4A70C}"
EndProject
Project("{FAE04EC0-301F-11D3-BF4B-00C04F79EFBC}") = "testLibrary", "testLibrary\testLibrary.csproj", "{A79A92C7-BD5A-4BBA-96E2-955486EBC6A3}"
EndProject
Project("{FAE04EC0-301F-11D3-BF4B-00C04F79EFBC}") = "FunctionTest", "FunctionTest\FunctionTest.csproj", "{431CD720-D1D9-4069-9415-C5277120B1B6}"
EndProject
Global
	GlobalSection(SolutionConfigurationPlatforms) = preSolution
		Debug|Any CPU = Debug|Any CPU
		Debug|Mixed Platforms = Debug|Mixed Platforms
		Debug|x86 = Debug|x86
		Release|Any CPU = Release|Any CPU
		Release|Mixed Platforms = Release|Mixed Platforms
		Release|x86 = Release|x86
	EndGlobalSection
	GlobalSection(ProjectConfigurationPlatforms) = postSolution
		{B0893750-05CB-42F6-ADA8-BA609876D4DF}.Debug|Any CPU.ActiveCfg = Debug|x86
		{B0893750-05CB-42F6-ADA8-BA609876D4DF}.Debug|Mixed Platforms.ActiveCfg = Debug|x86
		{B0893750-05CB-42F6-ADA8-BA609876D4DF}.Debug|Mixed Platforms.Build.0 = Debug|x86
		{B0893750-05CB-42F6-ADA8-BA609876D4DF}.Debug|x86.ActiveCfg = Debug|x86
		{B0893750-05CB-42F6-ADA8-BA609876D4DF}.Debug|x86.Build.0 = Debug|x86
		{B0893750-05CB-42F6-ADA8-BA609876D4DF}.Release|Any CPU.ActiveCfg = Release|x86
		{B0893750-05CB-42F6-ADA8-BA609876D4DF}.Release|Mixed Platforms.ActiveCfg = Release|x86
		{B0893750-05CB-42F6-ADA8-BA609876D4DF}.Release|Mixed Platforms.Build.0 = Release|x86
		{B0893750-05CB-42F6-ADA8-BA609876D4DF}.Release|x86.ActiveCfg = Release|x86
		{B0893750-05CB-42F6-ADA8-BA609876D4DF}.Release|x86.Build.0 = Release|x86
		{51604EF8-E554-49ED-BCA3-36FC8497A344}.Debug|Any CPU.ActiveCfg = Debug|x86
		{51604EF8-E554-49ED-BCA3-36FC8497A344}.Debug|Mixed Platforms.ActiveCfg = Debug|x86
		{51604EF8-E554-49ED-BCA3-36FC8497A344}.Debug|x86.ActiveCfg = Debug|x86
		{51604EF8-E554-49ED-BCA3-36FC8497A344}.Release|Any CPU.ActiveCfg = Release|x86
		{51604EF8-E554-49ED-BCA3-36FC8497A344}.Release|Mixed Platforms.ActiveCfg = Release|x86
		{51604EF8-E554-49ED-BCA3-36FC8497A344}.Release|x86.ActiveCfg = Release|x86
		{8CAEB3AF-9AF5-49BA-BBC2-80ECEF3FA4F2}.Debug|Any CPU.ActiveCfg = Debug|x86
		{8CAEB3AF-9AF5-49BA-BBC2-80ECEF3FA4F2}.Debug|Mixed Platforms.ActiveCfg = Debug|x86
		{8CAEB3AF-9AF5-49BA-BBC2-80ECEF3FA4F2}.Debug|Mixed Platforms.Build.0 = Debug|x86
		{8CAEB3AF-9AF5-49BA-BBC2-80ECEF3FA4F2}.Debug|x86.ActiveCfg = Debug|x86
		{8CAEB3AF-9AF5-49BA-BBC2-80ECEF3FA4F2}.Debug|x86.Build.0 = Debug|x86
		{8CAEB3AF-9AF5-49BA-BBC2-80ECEF3FA4F2}.Release|Any CPU.ActiveCfg = Release|x86
		{8CAEB3AF-9AF5-49BA-BBC2-80ECEF3FA4F2}.Release|Mixed Platforms.ActiveCfg = Release|x86
		{8CAEB3AF-9AF5-49BA-BBC2-80ECEF3FA4F2}.Release|Mixed Platforms.Build.0 = Release|x86
		{8CAEB3AF-9AF5-49BA-BBC2-80ECEF3FA4F2}.Release|x86.ActiveCfg = Release|x86
		{8CAEB3AF-9AF5-49BA-BBC2-80ECEF3FA4F2}.Release|x86.Build.0 = Release|x86
		{01BD1EBC-A484-435D-8E49-C65A45066EBA}.Debug|Any CPU.ActiveCfg = Debug|x86
		{01BD1EBC-A484-435D-8E49-C65A45066EBA}.Debug|Mixed Platforms.ActiveCfg = Debug|x86
		{01BD1EBC-A484-435D-8E49-C65A45066EBA}.Debug|Mixed Platforms.Build.0 = Debug|x86
		{01BD1EBC-A484-435D-8E49-C65A45066EBA}.Debug|x86.ActiveCfg = Debug|x86
		{01BD1EBC-A484-435D-8E49-C65A45066EBA}.Debug|x86.Build.0 = Debug|x86
		{01BD1EBC-A484-435D-8E49-C65A45066EBA}.Release|Any CPU.ActiveCfg = Release|x86
		{01BD1EBC-A484-435D-8E49-C65A45066EBA}.Release|Mixed Platforms.ActiveCfg = Release|x86
		{01BD1EBC-A484-435D-8E49-C65A45066EBA}.Release|Mixed Platforms.Build.0 = Release|x86
		{01BD1EBC-A484-435D-8E49-C65A45066EBA}.Release|x86.ActiveCfg = Release|x86
		{01BD1EBC-A484-435D-8E49-C65A45066EBA}.Release|x86.Build.0 = Release|x86
		{11866F74-EE78-475D-9DCB-3D71A6B78F94}.Debug|Any CPU.ActiveCfg = Debug|Any CPU
		{11866F74-EE78-475D-9DCB-3D71A6B78F94}.Debug|Any CPU.Build.0 = Debug|Any CPU
		{11866F74-EE78-475D-9DCB-3D71A6B78F94}.Debug|Mixed Platforms.ActiveCfg = Debug|x86
		{11866F74-EE78-475D-9DCB-3D71A6B78F94}.Debug|Mixed Platforms.Build.0 = Debug|x86
		{11866F74-EE78-475D-9DCB-3D71A6B78F94}.Debug|x86.ActiveCfg = Debug|Any CPU
		{11866F74-EE78-475D-9DCB-3D71A6B78F94}.Release|Any CPU.ActiveCfg = Release|Any CPU
		{11866F74-EE78-475D-9DCB-3D71A6B78F94}.Release|Any CPU.Build.0 = Release|Any CPU
		{11866F74-EE78-475D-9DCB-3D71A6B78F94}.Release|Mixed Platforms.ActiveCfg = Release|Any CPU
		{11866F74-EE78-475D-9DCB-3D71A6B78F94}.Release|Mixed Platforms.Build.0 = Release|Any CPU
		{11866F74-EE78-475D-9DCB-3D71A6B78F94}.Release|x86.ActiveCfg = Release|Any CPU
		{A5FA4D23-7F26-409E-8C2F-929F88D4A70C}.Debug|Any CPU.ActiveCfg = Debug|Any CPU
		{A5FA4D23-7F26-409E-8C2F-929F88D4A70C}.Debug|Any CPU.Build.0 = Debug|Any CPU
		{A5FA4D23-7F26-409E-8C2F-929F88D4A70C}.Debug|Mixed Platforms.ActiveCfg = Debug|x86
		{A5FA4D23-7F26-409E-8C2F-929F88D4A70C}.Debug|Mixed Platforms.Build.0 = Debug|x86
		{A5FA4D23-7F26-409E-8C2F-929F88D4A70C}.Debug|x86.ActiveCfg = Debug|Any CPU
		{A5FA4D23-7F26-409E-8C2F-929F88D4A70C}.Debug|x86.Build.0 = Debug|Any CPU
		{A5FA4D23-7F26-409E-8C2F-929F88D4A70C}.Release|Any CPU.ActiveCfg = Release|Any CPU
		{A5FA4D23-7F26-409E-8C2F-929F88D4A70C}.Release|Any CPU.Build.0 = Release|Any CPU
		{A5FA4D23-7F26-409E-8C2F-929F88D4A70C}.Release|Mixed Platforms.ActiveCfg = Release|Any CPU
		{A5FA4D23-7F26-409E-8C2F-929F88D4A70C}.Release|Mixed Platforms.Build.0 = Release|Any CPU
		{A5FA4D23-7F26-409E-8C2F-929F88D4A70C}.Release|x86.ActiveCfg = Release|Any CPU
		{A79A92C7-BD5A-4BBA-96E2-955486EBC6A3}.Debug|Any CPU.ActiveCfg = Debug|Any CPU
		{A79A92C7-BD5A-4BBA-96E2-955486EBC6A3}.Debug|Any CPU.Build.0 = Debug|Any CPU
		{A79A92C7-BD5A-4BBA-96E2-955486EBC6A3}.Debug|Mixed Platforms.ActiveCfg = Debug|Any CPU
		{A79A92C7-BD5A-4BBA-96E2-955486EBC6A3}.Debug|Mixed Platforms.Build.0 = Debug|Any CPU
		{A79A92C7-BD5A-4BBA-96E2-955486EBC6A3}.Debug|x86.ActiveCfg = Debug|Any CPU
		{A79A92C7-BD5A-4BBA-96E2-955486EBC6A3}.Release|Any CPU.ActiveCfg = Release|Any CPU
		{A79A92C7-BD5A-4BBA-96E2-955486EBC6A3}.Release|Any CPU.Build.0 = Release|Any CPU
		{A79A92C7-BD5A-4BBA-96E2-955486EBC6A3}.Release|Mixed Platforms.ActiveCfg = Release|Any CPU
		{A79A92C7-BD5A-4BBA-96E2-955486EBC6A3}.Release|Mixed Platforms.Build.0 = Release|Any CPU
		{A79A92C7-BD5A-4BBA-96E2-955486EBC6A3}.Release|x86.ActiveCfg = Release|Any CPU
		{431CD720-D1D9-4069-9415-C5277120B1B6}.Debug|Any CPU.ActiveCfg = Debug|Any CPU
		{431CD720-D1D9-4069-9415-C5277120B1B6}.Debug|Any CPU.Build.0 = Debug|Any CPU
		{431CD720-D1D9-4069-9415-C5277120B1B6}.Debug|Mixed Platforms.ActiveCfg = Debug|Any CPU
		{431CD720-D1D9-4069-9415-C5277120B1B6}.Debug|Mixed Platforms.Build.0 = Debug|Any CPU
		{431CD720-D1D9-4069-9415-C5277120B1B6}.Debug|x86.ActiveCfg = Debug|Any CPU
		{431CD720-D1D9-4069-9415-C5277120B1B6}.Release|Any CPU.ActiveCfg = Release|Any CPU
		{431CD720-D1D9-4069-9415-C5277120B1B6}.Release|Any CPU.Build.0 = Release|Any CPU
		{431CD720-D1D9-4069-9415-C5277120B1B6}.Release|Mixed Platforms.ActiveCfg = Release|Any CPU
		{431CD720-D1D9-4069-9415-C5277120B1B6}.Release|Mixed Platforms.Build.0 = Release|Any CPU
		{431CD720-D1D9-4069-9415-C5277120B1B6}.Release|x86.ActiveCfg = Release|Any CPU
	EndGlobalSection
	GlobalSection(SolutionProperties) = preSolution
		HideSolutionNode = FALSE
	EndGlobalSection
EndGlobal
