
Microsoft Visual Studio Solution File, Format Version 12.00
# Visual Studio 2012
Project("{FAE04EC0-301F-11D3-BF4B-00C04F79EFBC}") = "UnitTestProject1", "UnitTestProject1\UnitTestProject1.csproj", "{5DEEE8D8-5FED-41AB-BE51-67D8264446B7}"
EndProject
Project("{FAE04EC0-301F-11D3-BF4B-00C04F79EFBC}") = "ClassLibrary1", "ClassLibrary1\ClassLibrary1.csproj", "{91E1C541-7F3F-40E7-8DDB-15BBC8D5D5D0}"
EndProject
Project("{FAE04EC0-301F-11D3-BF4B-00C04F79EFBC}") = "WindowsFormsApplication1", "WindowsFormsApplication1\WindowsFormsApplication1.csproj", "{D5808B16-C001-4ED3-A499-42904CD20704}"
EndProject
Global
	GlobalSection(SolutionConfigurationPlatforms) = preSolution
		Debug|Any CPU = Debug|Any CPU
		Release|Any CPU = Release|Any CPU
	EndGlobalSection
	GlobalSection(ProjectConfigurationPlatforms) = postSolution
		{5DEEE8D8-5FED-41AB-BE51-67D8264446B7}.Debug|Any CPU.ActiveCfg = Debug|Any CPU
		{5DEEE8D8-5FED-41AB-BE51-67D8264446B7}.Debug|Any CPU.Build.0 = Debug|Any CPU
		{5DEEE8D8-5FED-41AB-BE51-67D8264446B7}.Release|Any CPU.ActiveCfg = Release|Any CPU
		{5DEEE8D8-5FED-41AB-BE51-67D8264446B7}.Release|Any CPU.Build.0 = Release|Any CPU
		{91E1C541-7F3F-40E7-8DDB-15BBC8D5D5D0}.Debug|Any CPU.ActiveCfg = Debug|Any CPU
		{91E1C541-7F3F-40E7-8DDB-15BBC8D5D5D0}.Debug|Any CPU.Build.0 = Debug|Any CPU
		{91E1C541-7F3F-40E7-8DDB-15BBC8D5D5D0}.Release|Any CPU.ActiveCfg = Release|Any CPU
		{91E1C541-7F3F-40E7-8DDB-15BBC8D5D5D0}.Release|Any CPU.Build.0 = Release|Any CPU
		{D5808B16-C001-4ED3-A499-42904CD20704}.Debug|Any CPU.ActiveCfg = Debug|Any CPU
		{D5808B16-C001-4ED3-A499-42904CD20704}.Debug|Any CPU.Build.0 = Debug|Any CPU
		{D5808B16-C001-4ED3-A499-42904CD20704}.Release|Any CPU.ActiveCfg = Release|Any CPU
		{D5808B16-C001-4ED3-A499-42904CD20704}.Release|Any CPU.Build.0 = Release|Any CPU
	EndGlobalSection
	GlobalSection(SolutionProperties) = preSolution
		HideSolutionNode = FALSE
	EndGlobalSection
EndGlobal
