
Microsoft Visual Studio Solution File, Format Version 12.00
# Visual Studio 2013
VisualStudioVersion = 12.0.21005.1
MinimumVisualStudioVersion = 10.0.40219.1
Project("{FAE04EC0-301F-11D3-BF4B-00C04F79EFBC}") = "SWE", "WindowsGame2\WindowsGame2\SWE.csproj", "{2845F9DB-D9F6-4D61-B212-222FE88289DC}"
EndProject
Project("{FAE04EC0-301F-11D3-BF4B-00C04F79EFBC}") = "WindowsGame2Content", "WindowsGame2\WindowsGame2Content\WindowsGame2Content.contentproj", "{E0D6847D-8A3E-4C80-8D10-0F3AE89A01B6}"
EndProject
Global
	GlobalSection(SolutionConfigurationPlatforms) = preSolution
		Debug|x86 = Debug|x86
		Release|x86 = Release|x86
	EndGlobalSection
	GlobalSection(ProjectConfigurationPlatforms) = postSolution
		{2845F9DB-D9F6-4D61-B212-222FE88289DC}.Debug|x86.ActiveCfg = Debug|x86
		{2845F9DB-D9F6-4D61-B212-222FE88289DC}.Debug|x86.Build.0 = Debug|x86
		{2845F9DB-D9F6-4D61-B212-222FE88289DC}.Release|x86.ActiveCfg = Release|x86
		{2845F9DB-D9F6-4D61-B212-222FE88289DC}.Release|x86.Build.0 = Release|x86
		{E0D6847D-8A3E-4C80-8D10-0F3AE89A01B6}.Debug|x86.ActiveCfg = Debug|x86
		{E0D6847D-8A3E-4C80-8D10-0F3AE89A01B6}.Release|x86.ActiveCfg = Release|x86
	EndGlobalSection
	GlobalSection(SolutionProperties) = preSolution
		HideSolutionNode = FALSE
	EndGlobalSection
EndGlobal
