
Microsoft Visual Studio Solution File, Format Version 12.00
# Visual Studio 2013
VisualStudioVersion = 12.0.30110.0
MinimumVisualStudioVersion = 10.0.40219.1
Project("{FAE04EC0-301F-11D3-BF4B-00C04F79EFBC}") = "DataBaseUI", "DataBaseUI\DataBaseUI.csproj", "{9E7D1473-FAB1-4CA1-BE99-EF4992211CA8}"
EndProject
Project("{FAE04EC0-301F-11D3-BF4B-00C04F79EFBC}") = "DatabaseSt", "DatabaseSt\DatabaseSt.csproj", "{3EA88BA0-1E6A-4537-AE9D-463285D2E203}"
EndProject
Global
	GlobalSection(SolutionConfigurationPlatforms) = preSolution
		Debug|Any CPU = Debug|Any CPU
		Debug|ARM = Debug|ARM
		Debug|x64 = Debug|x64
		Debug|x86 = Debug|x86
		Release|Any CPU = Release|Any CPU
		Release|ARM = Release|ARM
		Release|x64 = Release|x64
		Release|x86 = Release|x86
	EndGlobalSection
	GlobalSection(ProjectConfigurationPlatforms) = postSolution
		{9E7D1473-FAB1-4CA1-BE99-EF4992211CA8}.Debug|Any CPU.ActiveCfg = Debug|Any CPU
		{9E7D1473-FAB1-4CA1-BE99-EF4992211CA8}.Debug|Any CPU.Build.0 = Debug|Any CPU
		{9E7D1473-FAB1-4CA1-BE99-EF4992211CA8}.Debug|ARM.ActiveCfg = Debug|Any CPU
		{9E7D1473-FAB1-4CA1-BE99-EF4992211CA8}.Debug|x64.ActiveCfg = Debug|Any CPU
		{9E7D1473-FAB1-4CA1-BE99-EF4992211CA8}.Debug|x86.ActiveCfg = Debug|Any CPU
		{9E7D1473-FAB1-4CA1-BE99-EF4992211CA8}.Release|Any CPU.ActiveCfg = Release|Any CPU
		{9E7D1473-FAB1-4CA1-BE99-EF4992211CA8}.Release|Any CPU.Build.0 = Release|Any CPU
		{9E7D1473-FAB1-4CA1-BE99-EF4992211CA8}.Release|ARM.ActiveCfg = Release|Any CPU
		{9E7D1473-FAB1-4CA1-BE99-EF4992211CA8}.Release|x64.ActiveCfg = Release|Any CPU
		{9E7D1473-FAB1-4CA1-BE99-EF4992211CA8}.Release|x86.ActiveCfg = Release|Any CPU
		{3EA88BA0-1E6A-4537-AE9D-463285D2E203}.Debug|Any CPU.ActiveCfg = Debug|Any CPU
		{3EA88BA0-1E6A-4537-AE9D-463285D2E203}.Debug|Any CPU.Build.0 = Debug|Any CPU
		{3EA88BA0-1E6A-4537-AE9D-463285D2E203}.Debug|ARM.ActiveCfg = Debug|Any CPU
		{3EA88BA0-1E6A-4537-AE9D-463285D2E203}.Debug|x64.ActiveCfg = Debug|Any CPU
		{3EA88BA0-1E6A-4537-AE9D-463285D2E203}.Debug|x86.ActiveCfg = Debug|Any CPU
		{3EA88BA0-1E6A-4537-AE9D-463285D2E203}.Release|Any CPU.ActiveCfg = Release|Any CPU
		{3EA88BA0-1E6A-4537-AE9D-463285D2E203}.Release|Any CPU.Build.0 = Release|Any CPU
		{3EA88BA0-1E6A-4537-AE9D-463285D2E203}.Release|ARM.ActiveCfg = Release|Any CPU
		{3EA88BA0-1E6A-4537-AE9D-463285D2E203}.Release|x64.ActiveCfg = Release|Any CPU
		{3EA88BA0-1E6A-4537-AE9D-463285D2E203}.Release|x86.ActiveCfg = Release|Any CPU
	EndGlobalSection
	GlobalSection(SolutionProperties) = preSolution
		HideSolutionNode = FALSE
	EndGlobalSection
EndGlobal
